// !$*UTF8*$!
{
	archiveVersion = 1;
	classes = {
	};
	objectVersion = 77;
	objects = {

/* Begin PBXBuildFile section */
		184883C12F1797090071708C /* CombineCocoa in Frameworks */ = {isa = PBXBuildFile; productRef = 184883C02F1797090071708C /* CombineCocoa */; };
		184883C42F1797900071708C /* SnapKit in Frameworks */ = {isa = PBXBuildFile; productRef = 184883C32F1797900071708C /* SnapKit */; };
		184883C72F1797EC0071708C /* CombineCocoa in Frameworks */ = {isa = PBXBuildFile; productRef = 184883C62F1797EC0071708C /* CombineCocoa */; };
		184883CA2F1798F90071708C /* SnapshotTesting in Frameworks */ = {isa = PBXBuildFile; productRef = 184883C92F1798F90071708C /* SnapshotTesting */; };
		184883CE2F1799800071708C /* CombineCocoa in Frameworks */ = {isa = PBXBuildFile; productRef = 184883CD2F1799800071708C /* CombineCocoa */; };
/* End PBXBuildFile section */

/* Begin PBXContainerItemProxy section */
		184883A22F17967E0071708C /* PBXContainerItemProxy */ = {
			isa = PBXContainerItemProxy;
			containerPortal = 184883832F17967C0071708C /* Project object */;
			proxyType = 1;
			remoteGlobalIDString = 1848838A2F17967C0071708C;
			remoteInfo = "tip-calculator";
		};
		184883AC2F17967E0071708C /* PBXContainerItemProxy */ = {
			isa = PBXContainerItemProxy;
			containerPortal = 184883832F17967C0071708C /* Project object */;
			proxyType = 1;
			remoteGlobalIDString = 1848838A2F17967C0071708C;
			remoteInfo = "tip-calculator";
		};
/* End PBXContainerItemProxy section */

/* Begin PBXFileReference section */
		1848838B2F17967C0071708C /* tip-calculator.app */ = {isa = PBXFileReference; explicitFileType = wrapper.application; includeInIndex = 0; path = "tip-calculator.app"; sourceTree = BUILT_PRODUCTS_DIR; };
		184883A12F17967E0071708C /* tip-calculatorTests.xctest */ = {isa = PBXFileReference; explicitFileType = wrapper.cfbundle; includeInIndex = 0; path = "tip-calculatorTests.xctest"; sourceTree = BUILT_PRODUCTS_DIR; };
		184883AB2F17967E0071708C /* tip-calculatorUITests.xctest */ = {isa = PBXFileReference; explicitFileType = wrapper.cfbundle; includeInIndex = 0; path = "tip-calculatorUITests.xctest"; sourceTree = BUILT_PRODUCTS_DIR; };
/* End PBXFileReference section */

/* Begin PBXFileSystemSynchronizedBuildFileExceptionSet section */
		184883B32F17967E0071708C /* Exceptions for "tip-calculator" folder in "tip-calculator" target */ = {
			isa = PBXFileSystemSynchronizedBuildFileExceptionSet;
			membershipExceptions = (
				Info.plist,
			);
			target = 1848838A2F17967C0071708C /* tip-calculator */;
		};
		5F8BBA712F2142D70029EF4B /* Exceptions for "tip-calculator" folder in "tip-calculatorUITests" target */ = {
			isa = PBXFileSystemSynchronizedBuildFileExceptionSet;
			membershipExceptions = (
				model/ScreenIdentifier.swift,
			);
			target = 184883AA2F17967E0071708C /* tip-calculatorUITests */;
		};
/* End PBXFileSystemSynchronizedBuildFileExceptionSet section */

/* Begin PBXFileSystemSynchronizedRootGroup section */
		1848838D2F17967C0071708C /* tip-calculator */ = {
			isa = PBXFileSystemSynchronizedRootGroup;
			exceptions = (
				184883B32F17967E0071708C /* Exceptions for "tip-calculator" folder in "tip-calculator" target */,
				5F8BBA712F2142D70029EF4B /* Exceptions for "tip-calculator" folder in "tip-calculatorUITests" target */,
			);
			path = "tip-calculator";
			sourceTree = "<group>";
		};
		184883A42F17967E0071708C /* tip-calculatorTests */ = {
			isa = PBXFileSystemSynchronizedRootGroup;
			path = "tip-calculatorTests";
			sourceTree = "<group>";
		};
		184883AE2F17967E0071708C /* tip-calculatorUITests */ = {
			isa = PBXFileSystemSynchronizedRootGroup;
			path = "tip-calculatorUITests";
			sourceTree = "<group>";
		};
/* End PBXFileSystemSynchronizedRootGroup section */

/* Begin PBXFrameworksBuildPhase section */
		184883882F17967C0071708C /* Frameworks */ = {
			isa = PBXFrameworksBuildPhase;
			buildActionMask = 2147483647;
			files = (
				184883C12F1797090071708C /* CombineCocoa in Frameworks */,
				184883C42F1797900071708C /* SnapKit in Frameworks */,
			);
			runOnlyForDeploymentPostprocessing = 0;
		};
		1848839E2F17967E0071708C /* Frameworks */ = {
			isa = PBXFrameworksBuildPhase;
			buildActionMask = 2147483647;
			files = (
				184883C72F1797EC0071708C /* CombineCocoa in Frameworks */,
				184883CA2F1798F90071708C /* SnapshotTesting in Frameworks */,
			);
			runOnlyForDeploymentPostprocessing = 0;
		};
		184883A82F17967E0071708C /* Frameworks */ = {
			isa = PBXFrameworksBuildPhase;
			buildActionMask = 2147483647;
			files = (
				184883CE2F1799800071708C /* CombineCocoa in Frameworks */,
			);
			runOnlyForDeploymentPostprocessing = 0;
		};
/* End PBXFrameworksBuildPhase section */

/* Begin PBXGroup section */
		184883822F17967C0071708C = {
			isa = PBXGroup;
			children = (
				1848838D2F17967C0071708C /* tip-calculator */,
				184883A42F17967E0071708C /* tip-calculatorTests */,
				184883AE2F17967E0071708C /* tip-calculatorUITests */,
				184883C52F1797EC0071708C /* Frameworks */,
				1848838C2F17967C0071708C /* Products */,
			);
			sourceTree = "<group>";
		};
		1848838C2F17967C0071708C /* Products */ = {
			isa = PBXGroup;
			children = (
				1848838B2F17967C0071708C /* tip-calculator.app */,
				184883A12F17967E0071708C /* tip-calculatorTests.xctest */,
				184883AB2F17967E0071708C /* tip-calculatorUITests.xctest */,
			);
			name = Products;
			sourceTree = "<group>";
		};
		184883C52F1797EC0071708C /* Frameworks */ = {
			isa = PBXGroup;
			children = (
			);
			name = Frameworks;
			sourceTree = "<group>";
		};
/* End PBXGroup section */

/* Begin PBXNativeTarget section */
		1848838A2F17967C0071708C /* tip-calculator */ = {
			isa = PBXNativeTarget;
			buildConfigurationList = 184883B42F17967E0071708C /* Build configuration list for PBXNativeTarget "tip-calculator" */;
			buildPhases = (
				184883872F17967C0071708C /* Sources */,
				184883882F17967C0071708C /* Frameworks */,
				184883892F17967C0071708C /* Resources */,
			);
			buildRules = (
			);
			dependencies = (
			);
			fileSystemSynchronizedGroups = (
				1848838D2F17967C0071708C /* tip-calculator */,
			);
			name = "tip-calculator";
			packageProductDependencies = (
				184883C02F1797090071708C /* CombineCocoa */,
				184883C32F1797900071708C /* SnapKit */,
			);
			productName = "tip-calculator";
			productReference = 1848838B2F17967C0071708C /* tip-calculator.app */;
			productType = "com.apple.product-type.application";
		};
		184883A02F17967E0071708C /* tip-calculatorTests */ = {
			isa = PBXNativeTarget;
			buildConfigurationList = 184883B92F17967E0071708C /* Build configuration list for PBXNativeTarget "tip-calculatorTests" */;
			buildPhases = (
				1848839D2F17967E0071708C /* Sources */,
				1848839E2F17967E0071708C /* Frameworks */,
				1848839F2F17967E0071708C /* Resources */,
			);
			buildRules = (
			);
			dependencies = (
				184883A32F17967E0071708C /* PBXTargetDependency */,
			);
			fileSystemSynchronizedGroups = (
				184883A42F17967E0071708C /* tip-calculatorTests */,
			);
			name = "tip-calculatorTests";
			packageProductDependencies = (
				184883C62F1797EC0071708C /* CombineCocoa */,
				184883C92F1798F90071708C /* SnapshotTesting */,
			);
			productName = "tip-calculatorTests";
			productReference = 184883A12F17967E0071708C /* tip-calculatorTests.xctest */;
			productType = "com.apple.product-type.bundle.unit-test";
		};
		184883AA2F17967E0071708C /* tip-calculatorUITests */ = {
			isa = PBXNativeTarget;
			buildConfigurationList = 184883BC2F17967E0071708C /* Build configuration list for PBXNativeTarget "tip-calculatorUITests" */;
			buildPhases = (
				184883A72F17967E0071708C /* Sources */,
				184883A82F17967E0071708C /* Frameworks */,
				184883A92F17967E0071708C /* Resources */,
			);
			buildRules = (
			);
			dependencies = (
				184883AD2F17967E0071708C /* PBXTargetDependency */,
			);
			fileSystemSynchronizedGroups = (
				184883AE2F17967E0071708C /* tip-calculatorUITests */,
			);
			name = "tip-calculatorUITests";
			packageProductDependencies = (
				184883CD2F1799800071708C /* CombineCocoa */,
			);
			productName = "tip-calculatorUITests";
			productReference = 184883AB2F17967E0071708C /* tip-calculatorUITests.xctest */;
			productType = "com.apple.product-type.bundle.ui-testing";
		};
/* End PBXNativeTarget section */

/* Begin PBXProject section */
		184883832F17967C0071708C /* Project object */ = {
			isa = PBXProject;
			attributes = {
				BuildIndependentTargetsInParallel = 1;
				LastSwiftUpdateCheck = 2620;
				LastUpgradeCheck = 2620;
				TargetAttributes = {
					1848838A2F17967C0071708C = {
						CreatedOnToolsVersion = 26.2;
					};
					184883A02F17967E0071708C = {
						CreatedOnToolsVersion = 26.2;
						TestTargetID = 1848838A2F17967C0071708C;
					};
					184883AA2F17967E0071708C = {
						CreatedOnToolsVersion = 26.2;
						TestTargetID = 1848838A2F17967C0071708C;
					};
				};
			};
			buildConfigurationList = 184883862F17967C0071708C /* Build configuration list for PBXProject "tip-calculator" */;
			developmentRegion = en;
			hasScannedForEncodings = 0;
			knownRegions = (
				en,
				Base,
			);
			mainGroup = 184883822F17967C0071708C;
			minimizedProjectReferenceProxies = 1;
			packageReferences = (
				184883BF2F1797090071708C /* XCRemoteSwiftPackageReference "CombineCocoa" */,
				184883C22F1797900071708C /* XCRemoteSwiftPackageReference "SnapKit" */,
				184883C82F1798F90071708C /* XCRemoteSwiftPackageReference "swift-snapshot-testing" */,
			);
			preferredProjectObjectVersion = 77;
			productRefGroup = 1848838C2F17967C0071708C /* Products */;
			projectDirPath = "";
			projectRoot = "";
			targets = (
				1848838A2F17967C0071708C /* tip-calculator */,
				184883A02F17967E0071708C /* tip-calculatorTests */,
				184883AA2F17967E0071708C /* tip-calculatorUITests */,
			);
		};
/* End PBXProject section */

/* Begin PBXResourcesBuildPhase section */
		184883892F17967C0071708C /* Resources */ = {
			isa = PBXResourcesBuildPhase;
			buildActionMask = 2147483647;
			files = (
			);
			runOnlyForDeploymentPostprocessing = 0;
		};
		1848839F2F17967E0071708C /* Resources */ = {
			isa = PBXResourcesBuildPhase;
			buildActionMask = 2147483647;
			files = (
			);
			runOnlyForDeploymentPostprocessing = 0;
		};
		184883A92F17967E0071708C /* Resources */ = {
			isa = PBXResourcesBuildPhase;
			buildActionMask = 2147483647;
			files = (
			);
			runOnlyForDeploymentPostprocessing = 0;
		};
/* End PBXResourcesBuildPhase section */

/* Begin PBXSourcesBuildPhase section */
		184883872F17967C0071708C /* Sources */ = {
			isa = PBXSourcesBuildPhase;
			buildActionMask = 2147483647;
			files = (
			);
			runOnlyForDeploymentPostprocessing = 0;
		};
		1848839D2F17967E0071708C /* Sources */ = {
			isa = PBXSourcesBuildPhase;
			buildActionMask = 2147483647;
			files = (
			);
			runOnlyForDeploymentPostprocessing = 0;
		};
		184883A72F17967E0071708C /* Sources */ = {
			isa = PBXSourcesBuildPhase;
			buildActionMask = 2147483647;
			files = (
			);
			runOnlyForDeploymentPostprocessing = 0;
		};
/* End PBXSourcesBuildPhase section */

/* Begin PBXTargetDependency section */
		184883A32F17967E0071708C /* PBXTargetDependency */ = {
			isa = PBXTargetDependency;
			target = 1848838A2F17967C0071708C /* tip-calculator */;
			targetProxy = 184883A22F17967E0071708C /* PBXContainerItemProxy */;
		};
		184883AD2F17967E0071708C /* PBXTargetDependency */ = {
			isa = PBXTargetDependency;
			target = 1848838A2F17967C0071708C /* tip-calculator */;
			targetProxy = 184883AC2F17967E0071708C /* PBXContainerItemProxy */;
		};
/* End PBXTargetDependency section */

/* Begin XCBuildConfiguration section */
		184883B52F17967E0071708C /* Debug */ = {
			isa = XCBuildConfiguration;
			buildSettings = {
				ASSETCATALOG_COMPILER_APPICON_NAME = AppIcon;
				ASSETCATALOG_COMPILER_GLOBAL_ACCENT_COLOR_NAME = AccentColor;
				CODE_SIGN_STYLE = Automatic;
				CURRENT_PROJECT_VERSION = 1;
				GENERATE_INFOPLIST_FILE = YES;
				INFOPLIST_FILE = "tip-calculator/Info.plist";
				INFOPLIST_KEY_UIApplicationSupportsIndirectInputEvents = YES;
				INFOPLIST_KEY_UILaunchStoryboardName = LaunchScreen;
				INFOPLIST_KEY_UIMainStoryboardFile = Main;
				INFOPLIST_KEY_UISupportedInterfaceOrientations_iPad = "UIInterfaceOrientationPortrait UIInterfaceOrientationPortraitUpsideDown UIInterfaceOrientationLandscapeLeft UIInterfaceOrientationLandscapeRight";
				INFOPLIST_KEY_UISupportedInterfaceOrientations_iPhone = "UIInterfaceOrientationPortrait UIInterfaceOrientationLandscapeLeft UIInterfaceOrientationLandscapeRight";
				LD_RUNPATH_SEARCH_PATHS = (
					"$(inherited)",
					"@executable_path/Frameworks",
				);
				MARKETING_VERSION = 1.0;
				PRODUCT_BUNDLE_IDENTIFIER = "com.testHead.tip-calculator";
				PRODUCT_NAME = "$(TARGET_NAME)";
				STRING_CATALOG_GENERATE_SYMBOLS = YES;
				SWIFT_APPROACHABLE_CONCURRENCY = YES;
				SWIFT_DEFAULT_ACTOR_ISOLATION = MainActor;
				SWIFT_EMIT_LOC_STRINGS = YES;
				SWIFT_UPCOMING_FEATURE_MEMBER_IMPORT_VISIBILITY = YES;
				SWIFT_VERSION = 5.0;
				TARGETED_DEVICE_FAMILY = "1,2";
			};
			name = Debug;
		};
		184883B62F17967E0071708C /* Release */ = {
			isa = XCBuildConfiguration;
			buildSettings = {
				ASSETCATALOG_COMPILER_APPICON_NAME = AppIcon;
				ASSETCATALOG_COMPILER_GLOBAL_ACCENT_COLOR_NAME = AccentColor;
				CODE_SIGN_STYLE = Automatic;
				CURRENT_PROJECT_VERSION = 1;
				GENERATE_INFOPLIST_FILE = YES;
				INFOPLIST_FILE = "tip-calculator/Info.plist";
				INFOPLIST_KEY_UIApplicationSupportsIndirectInputEvents = YES;
				INFOPLIST_KEY_UILaunchStoryboardName = LaunchScreen;
				INFOPLIST_KEY_UIMainStoryboardFile = Main;
				INFOPLIST_KEY_UISupportedInterfaceOrientations_iPad = "UIInterfaceOrientationPortrait UIInterfaceOrientationPortraitUpsideDown UIInterfaceOrientationLandscapeLeft UIInterfaceOrientationLandscapeRight";
				INFOPLIST_KEY_UISupportedInterfaceOrientations_iPhone = "UIInterfaceOrientationPortrait UIInterfaceOrientationLandscapeLeft UIInterfaceOrientationLandscapeRight";
				LD_RUNPATH_SEARCH_PATHS = (
					"$(inherited)",
					"@executable_path/Frameworks",
				);
				MARKETING_VERSION = 1.0;
				PRODUCT_BUNDLE_IDENTIFIER = "com.testHead.tip-calculator";
				PRODUCT_NAME = "$(TARGET_NAME)";
				STRING_CATALOG_GENERATE_SYMBOLS = YES;
				SWIFT_APPROACHABLE_CONCURRENCY = YES;
				SWIFT_DEFAULT_ACTOR_ISOLATION = MainActor;
				SWIFT_EMIT_LOC_STRINGS = YES;
				SWIFT_UPCOMING_FEATURE_MEMBER_IMPORT_VISIBILITY = YES;
				SWIFT_VERSION = 5.0;
				TARGETED_DEVICE_FAMILY = "1,2";
			};
			name = Release;
		};
		184883B72F17967E0071708C /* Debug */ = {
			isa = XCBuildConfiguration;
			buildSettings = {
				ALWAYS_SEARCH_USER_PATHS = NO;
				ASSETCATALOG_COMPILER_GENERATE_SWIFT_ASSET_SYMBOL_EXTENSIONS = YES;
				CLANG_ANALYZER_NONNULL = YES;
				CLANG_ANALYZER_NUMBER_OBJECT_CONVERSION = YES_AGGRESSIVE;
				CLANG_CXX_LANGUAGE_STANDARD = "gnu++20";
				CLANG_ENABLE_MODULES = YES;
				CLANG_ENABLE_OBJC_ARC = YES;
				CLANG_ENABLE_OBJC_WEAK = YES;
				CLANG_WARN_BLOCK_CAPTURE_AUTORELEASING = YES;
				CLANG_WARN_BOOL_CONVERSION = YES;
				CLANG_WARN_COMMA = YES;
				CLANG_WARN_CONSTANT_CONVERSION = YES;
				CLANG_WARN_DEPRECATED_OBJC_IMPLEMENTATIONS = YES;
				CLANG_WARN_DIRECT_OBJC_ISA_USAGE = YES_ERROR;
				CLANG_WARN_DOCUMENTATION_COMMENTS = YES;
				CLANG_WARN_EMPTY_BODY = YES;
				CLANG_WARN_ENUM_CONVERSION = YES;
				CLANG_WARN_INFINITE_RECURSION = YES;
				CLANG_WARN_INT_CONVERSION = YES;
				CLANG_WARN_NON_LITERAL_NULL_CONVERSION = YES;
				CLANG_WARN_OBJC_IMPLICIT_RETAIN_SELF = YES;
				CLANG_WARN_OBJC_LITERAL_CONVERSION = YES;
				CLANG_WARN_OBJC_ROOT_CLASS = YES_ERROR;
				CLANG_WARN_QUOTED_INCLUDE_IN_FRAMEWORK_HEADER = YES;
				CLANG_WARN_RANGE_LOOP_ANALYSIS = YES;
				CLANG_WARN_STRICT_PROTOTYPES = YES;
				CLANG_WARN_SUSPICIOUS_MOVE = YES;
				CLANG_WARN_UNGUARDED_AVAILABILITY = YES_AGGRESSIVE;
				CLANG_WARN_UNREACHABLE_CODE = YES;
				CLANG_WARN__DUPLICATE_METHOD_MATCH = YES;
				COPY_PHASE_STRIP = NO;
				DEBUG_INFORMATION_FORMAT = dwarf;
				ENABLE_STRICT_OBJC_MSGSEND = YES;
				ENABLE_TESTABILITY = YES;
				ENABLE_USER_SCRIPT_SANDBOXING = YES;
				GCC_C_LANGUAGE_STANDARD = gnu17;
				GCC_DYNAMIC_NO_PIC = NO;
				GCC_NO_COMMON_BLOCKS = YES;
				GCC_OPTIMIZATION_LEVEL = 0;
				GCC_PREPROCESSOR_DEFINITIONS = (
					"DEBUG=1",
					"$(inherited)",
				);
				GCC_WARN_64_TO_32_BIT_CONVERSION = YES;
				GCC_WARN_ABOUT_RETURN_TYPE = YES_ERROR;
				GCC_WARN_UNDECLARED_SELECTOR = YES;
				GCC_WARN_UNINITIALIZED_AUTOS = YES_AGGRESSIVE;
				GCC_WARN_UNUSED_FUNCTION = YES;
				GCC_WARN_UNUSED_VARIABLE = YES;
				IPHONEOS_DEPLOYMENT_TARGET = 26.2;
				LOCALIZATION_PREFERS_STRING_CATALOGS = YES;
				MTL_ENABLE_DEBUG_INFO = INCLUDE_SOURCE;
				MTL_FAST_MATH = YES;
				ONLY_ACTIVE_ARCH = YES;
				SDKROOT = iphoneos;
				SWIFT_ACTIVE_COMPILATION_CONDITIONS = "DEBUG $(inherited)";
				SWIFT_OPTIMIZATION_LEVEL = "-Onone";
			};
			name = Debug;
		};
		184883B82F17967E0071708C /* Release */ = {
			isa = XCBuildConfiguration;
			buildSettings = {
				ALWAYS_SEARCH_USER_PATHS = NO;
				ASSETCATALOG_COMPILER_GENERATE_SWIFT_ASSET_SYMBOL_EXTENSIONS = YES;
				CLANG_ANALYZER_NONNULL = YES;
				CLANG_ANALYZER_NUMBER_OBJECT_CONVERSION = YES_AGGRESSIVE;
				CLANG_CXX_LANGUAGE_STANDARD = "gnu++20";
				CLANG_ENABLE_MODULES = YES;
				CLANG_ENABLE_OBJC_ARC = YES;
				CLANG_ENABLE_OBJC_WEAK = YES;
				CLANG_WARN_BLOCK_CAPTURE_AUTORELEASING = YES;
				CLANG_WARN_BOOL_CONVERSION = YES;
				CLANG_WARN_COMMA = YES;
				CLANG_WARN_CONSTANT_CONVERSION = YES;
				CLANG_WARN_DEPRECATED_OBJC_IMPLEMENTATIONS = YES;
				CLANG_WARN_DIRECT_OBJC_ISA_USAGE = YES_ERROR;
				CLANG_WARN_DOCUMENTATION_COMMENTS = YES;
				CLANG_WARN_EMPTY_BODY = YES;
				CLANG_WARN_ENUM_CONVERSION = YES;
				CLANG_WARN_INFINITE_RECURSION = YES;
				CLANG_WARN_INT_CONVERSION = YES;
				CLANG_WARN_NON_LITERAL_NULL_CONVERSION = YES;
				CLANG_WARN_OBJC_IMPLICIT_RETAIN_SELF = YES;
				CLANG_WARN_OBJC_LITERAL_CONVERSION = YES;
				CLANG_WARN_OBJC_ROOT_CLASS = YES_ERROR;
				CLANG_WARN_QUOTED_INCLUDE_IN_FRAMEWORK_HEADER = YES;
				CLANG_WARN_RANGE_LOOP_ANALYSIS = YES;
				CLANG_WARN_STRICT_PROTOTYPES = YES;
				CLANG_WARN_SUSPICIOUS_MOVE = YES;
				CLANG_WARN_UNGUARDED_AVAILABILITY = YES_AGGRESSIVE;
				CLANG_WARN_UNREACHABLE_CODE = YES;
				CLANG_WARN__DUPLICATE_METHOD_MATCH = YES;
				COPY_PHASE_STRIP = NO;
				DEBUG_INFORMATION_FORMAT = "dwarf-with-dsym";
				ENABLE_NS_ASSERTIONS = NO;
				ENABLE_STRICT_OBJC_MSGSEND = YES;
				ENABLE_USER_SCRIPT_SANDBOXING = YES;
				GCC_C_LANGUAGE_STANDARD = gnu17;
				GCC_NO_COMMON_BLOCKS = YES;
				GCC_WARN_64_TO_32_BIT_CONVERSION = YES;
				GCC_WARN_ABOUT_RETURN_TYPE = YES_ERROR;
				GCC_WARN_UNDECLARED_SELECTOR = YES;
				GCC_WARN_UNINITIALIZED_AUTOS = YES_AGGRESSIVE;
				GCC_WARN_UNUSED_FUNCTION = YES;
				GCC_WARN_UNUSED_VARIABLE = YES;
				IPHONEOS_DEPLOYMENT_TARGET = 26.2;
				LOCALIZATION_PREFERS_STRING_CATALOGS = YES;
				MTL_ENABLE_DEBUG_INFO = NO;
				MTL_FAST_MATH = YES;
				SDKROOT = iphoneos;
				SWIFT_COMPILATION_MODE = wholemodule;
				VALIDATE_PRODUCT = YES;
			};
			name = Release;
		};
		184883BA2F17967E0071708C /* Debug */ = {
			isa = XCBuildConfiguration;
			buildSettings = {
				BUNDLE_LOADER = "$(TEST_HOST)";
				CODE_SIGN_STYLE = Automatic;
				CURRENT_PROJECT_VERSION = 1;
				GENERATE_INFOPLIST_FILE = YES;
				IPHONEOS_DEPLOYMENT_TARGET = 26.2;
				MARKETING_VERSION = 1.0;
				PRODUCT_BUNDLE_IDENTIFIER = "com.testHead.tip-calculatorTests";
				PRODUCT_NAME = "$(TARGET_NAME)";
				STRING_CATALOG_GENERATE_SYMBOLS = NO;
				SWIFT_APPROACHABLE_CONCURRENCY = YES;
				SWIFT_EMIT_LOC_STRINGS = NO;
				SWIFT_UPCOMING_FEATURE_MEMBER_IMPORT_VISIBILITY = YES;
				SWIFT_VERSION = 5.0;
				TARGETED_DEVICE_FAMILY = "1,2";
				TEST_HOST = "$(BUILT_PRODUCTS_DIR)/tip-calculator.app/$(BUNDLE_EXECUTABLE_FOLDER_PATH)/tip-calculator";
			};
			name = Debug;
		};
		184883BB2F17967E0071708C /* Release */ = {
			isa = XCBuildConfiguration;
			buildSettings = {
				BUNDLE_LOADER = "$(TEST_HOST)";
				CODE_SIGN_STYLE = Automatic;
				CURRENT_PROJECT_VERSION = 1;
				GENERATE_INFOPLIST_FILE = YES;
				IPHONEOS_DEPLOYMENT_TARGET = 26.2;
				MARKETING_VERSION = 1.0;
				PRODUCT_BUNDLE_IDENTIFIER = "com.testHead.tip-calculatorTests";
				PRODUCT_NAME = "$(TARGET_NAME)";
				STRING_CATALOG_GENERATE_SYMBOLS = NO;
				SWIFT_APPROACHABLE_CONCURRENCY = YES;
				SWIFT_EMIT_LOC_STRINGS = NO;
				SWIFT_UPCOMING_FEATURE_MEMBER_IMPORT_VISIBILITY = YES;
				SWIFT_VERSION = 5.0;
				TARGETED_DEVICE_FAMILY = "1,2";
				TEST_HOST = "$(BUILT_PRODUCTS_DIR)/tip-calculator.app/$(BUNDLE_EXECUTABLE_FOLDER_PATH)/tip-calculator";
			};
			name = Release;
		};
		184883BD2F17967E0071708C /* Debug */ = {
			isa = XCBuildConfiguration;
			buildSettings = {
				CODE_SIGN_STYLE = Automatic;
				CURRENT_PROJECT_VERSION = 1;
				GENERATE_INFOPLIST_FILE = YES;
				MARKETING_VERSION = 1.0;
				PRODUCT_BUNDLE_IDENTIFIER = "com.testHead.tip-calculatorUITests";
				PRODUCT_NAME = "$(TARGET_NAME)";
				STRING_CATALOG_GENERATE_SYMBOLS = NO;
				SWIFT_APPROACHABLE_CONCURRENCY = YES;
				SWIFT_EMIT_LOC_STRINGS = NO;
				SWIFT_UPCOMING_FEATURE_MEMBER_IMPORT_VISIBILITY = YES;
				SWIFT_VERSION = 5.0;
				TARGETED_DEVICE_FAMILY = "1,2";
				TEST_TARGET_NAME = "tip-calculator";
			};
			name = Debug;
		};
		184883BE2F17967E0071708C /* Release */ = {
			isa = XCBuildConfiguration;
			buildSettings = {
				CODE_SIGN_STYLE = Automatic;
				CURRENT_PROJECT_VERSION = 1;
				GENERATE_INFOPLIST_FILE = YES;
				MARKETING_VERSION = 1.0;
				PRODUCT_BUNDLE_IDENTIFIER = "com.testHead.tip-calculatorUITests";
				PRODUCT_NAME = "$(TARGET_NAME)";
				STRING_CATALOG_GENERATE_SYMBOLS = NO;
				SWIFT_APPROACHABLE_CONCURRENCY = YES;
				SWIFT_EMIT_LOC_STRINGS = NO;
				SWIFT_UPCOMING_FEATURE_MEMBER_IMPORT_VISIBILITY = YES;
				SWIFT_VERSION = 5.0;
				TARGETED_DEVICE_FAMILY = "1,2";
				TEST_TARGET_NAME = "tip-calculator";
			};
			name = Release;
		};
/* End XCBuildConfiguration section */

/* Begin XCConfigurationList section */
		184883862F17967C0071708C /* Build configuration list for PBXProject "tip-calculator" */ = {
			isa = XCConfigurationList;
			buildConfigurations = (
				184883B72F17967E0071708C /* Debug */,
				184883B82F17967E0071708C /* Release */,
			);
			defaultConfigurationIsVisible = 0;
			defaultConfigurationName = Release;
		};
		184883B42F17967E0071708C /* Build configuration list for PBXNativeTarget "tip-calculator" */ = {
			isa = XCConfigurationList;
			buildConfigurations = (
				184883B52F17967E0071708C /* Debug */,
				184883B62F17967E0071708C /* Release */,
			);
			defaultConfigurationIsVisible = 0;
			defaultConfigurationName = Release;
		};
		184883B92F17967E0071708C /* Build configuration list for PBXNativeTarget "tip-calculatorTests" */ = {
			isa = XCConfigurationList;
			buildConfigurations = (
				184883BA2F17967E0071708C /* Debug */,
				184883BB2F17967E0071708C /* Release */,
			);
			defaultConfigurationIsVisible = 0;
			defaultConfigurationName = Release;
		};
		184883BC2F17967E0071708C /* Build configuration list for PBXNativeTarget "tip-calculatorUITests" */ = {
			isa = XCConfigurationList;
			buildConfigurations = (
				184883BD2F17967E0071708C /* Debug */,
				184883BE2F17967E0071708C /* Release */,
			);
			defaultConfigurationIsVisible = 0;
			defaultConfigurationName = Release;
		};
/* End XCConfigurationList section */

/* Begin XCRemoteSwiftPackageReference section */
		184883BF2F1797090071708C /* XCRemoteSwiftPackageReference "CombineCocoa" */ = {
			isa = XCRemoteSwiftPackageReference;
			repositoryURL = "https://github.com/CombineCommunity/CombineCocoa";
			requirement = {
				kind = upToNextMajorVersion;
				minimumVersion = 0.4.1;
			};
		};
		184883C22F1797900071708C /* XCRemoteSwiftPackageReference "SnapKit" */ = {
			isa = XCRemoteSwiftPackageReference;
			repositoryURL = "https://github.com/SnapKit/SnapKit";
			requirement = {
				kind = upToNextMajorVersion;
				minimumVersion = 5.7.1;
			};
		};
		184883C82F1798F90071708C /* XCRemoteSwiftPackageReference "swift-snapshot-testing" */ = {
			isa = XCRemoteSwiftPackageReference;
			repositoryURL = "https://github.com/pointfreeco/swift-snapshot-testing";
			requirement = {
				kind = upToNextMajorVersion;
				minimumVersion = 1.18.7;
			};
		};
/* End XCRemoteSwiftPackageReference section */

/* Begin XCSwiftPackageProductDependency section */
		184883C02F1797090071708C /* CombineCocoa */ = {
			isa = XCSwiftPackageProductDependency;
			package = 184883BF2F1797090071708C /* XCRemoteSwiftPackageReference "CombineCocoa" */;
			productName = CombineCocoa;
		};
		184883C32F1797900071708C /* SnapKit */ = {
			isa = XCSwiftPackageProductDependency;
			package = 184883C22F1797900071708C /* XCRemoteSwiftPackageReference "SnapKit" */;
			productName = SnapKit;
		};
		184883C62F1797EC0071708C /* CombineCocoa */ = {
			isa = XCSwiftPackageProductDependency;
			package = 184883BF2F1797090071708C /* XCRemoteSwiftPackageReference "CombineCocoa" */;
			productName = CombineCocoa;
		};
		184883C92F1798F90071708C /* SnapshotTesting */ = {
			isa = XCSwiftPackageProductDependency;
			package = 184883C82F1798F90071708C /* XCRemoteSwiftPackageReference "swift-snapshot-testing" */;
			productName = SnapshotTesting;
		};
		184883CD2F1799800071708C /* CombineCocoa */ = {
			isa = XCSwiftPackageProductDependency;
			package = 184883BF2F1797090071708C /* XCRemoteSwiftPackageReference "CombineCocoa" */;
			productName = CombineCocoa;
		};
/* End XCSwiftPackageProductDependency section */
	};
	rootObject = 184883832F17967C0071708C /* Project object */;
}
